<?xml version="1.0" encoding="utf-8"?>
<Project ToolsVersion="4.0" xmlns="http://schemas.microsoft.com/developer/msbuild/2003">
  <ItemGroup>
    <Filter Include="Source Files">
      <UniqueIdentifier>{4FC737F1-C7A5-4376-A066-2A32D752A2FF}</UniqueIdentifier>
      <Extensions>cpp;c;cc;cxx;c++;cppm;ixx;def;odl;idl;hpj;bat;asm;asmx</Extensions>
    </Filter>
    <Filter Include="Header Files">
      <UniqueIdentifier>{93995380-89BD-4b04-88EB-625FBE52EBFB}</UniqueIdentifier>
      <Extensions>h;hh;hpp;hxx;h++;hm;inl;inc;ipp;xsd</Extensions>
    </Filter>
    <Filter Include="Resource Files">
      <UniqueIdentifier>{67DA6AB6-F800-4c08-8B7A-83BB121AAD01}</UniqueIdentifier>
      <Extensions>rc;ico;cur;bmp;dlg;rc2;rct;bin;rgs;gif;jpg;jpeg;jpe;resx;tiff;tif;png;wav;mfcribbon-ms</Extensions>
    </Filter>
  </ItemGroup>
  <ItemGroup>
    <ClCompile Include="kanas.cpp">
      <Filter>Source Files</Filter>
    </ClCompile>
    <ClCompile Include="source\kanas\core\resource\acceleration_structure.cpp">
      <Filter>Source Files</Filter>
    </ClCompile>
    <ClCompile Include="source\kanas\core\resource\buffer.cpp">
      <Filter>Source Files</Filter>
    </ClCompile>
    <ClCompile Include="source\kanas\core\resource\buffer_view.cpp">
      <Filter>Source Files</Filter>
    </ClCompile>
    <ClCompile Include="source\kanas\core\resource\image.cpp">
      <Filter>Source Files</Filter>
    </ClCompile>
    <ClCompile Include="source\kanas\core\resource\image_view.cpp">
      <Filter>Source Files</Filter>
    </ClCompile>
    <ClCompile Include="source\kanas\core\synchronization\Event.cpp">
      <Filter>Source Files</Filter>
    </ClCompile>
    <ClCompile Include="source\kanas\core\synchronization\fence.cpp">
      <Filter>Source Files</Filter>
    </ClCompile>
    <ClCompile Include="source\kanas\core\synchronization\semaphore.cpp">
      <Filter>Source Files</Filter>
    </ClCompile>
    <ClCompile Include="source\kanas\core\command_buffer.cpp">
      <Filter>Source Files</Filter>
    </ClCompile>
    <ClCompile Include="source\kanas\core\command_pool.cpp">
      <Filter>Source Files</Filter>
    </ClCompile>
    <ClCompile Include="source\kanas\core\compute_pipeline.cpp">
      <Filter>Source Files</Filter>
    </ClCompile>
    <ClCompile Include="source\kanas\core\deferred_operation.cpp">
      <Filter>Source Files</Filter>
    </ClCompile>
    <ClCompile Include="source\kanas\core\descriptor_pool.cpp">
      <Filter>Source Files</Filter>
    </ClCompile>
    <ClCompile Include="source\kanas\core\descriptor_set.cpp">
      <Filter>Source Files</Filter>
    </ClCompile>
    <ClCompile Include="source\kanas\core\descriptor_set_layout.cpp">
      <Filter>Source Files</Filter>
    </ClCompile>
    <ClCompile Include="source\kanas\core\device.cpp">
      <Filter>Source Files</Filter>
    </ClCompile>
    <ClCompile Include="source\kanas\core\device_memory.cpp">
      <Filter>Source Files</Filter>
    </ClCompile>
    <ClCompile Include="source\kanas\core\framebuffer.cpp">
      <Filter>Source Files</Filter>
    </ClCompile>
    <ClCompile Include="source\kanas\core\graphics_pipeline.cpp">
      <Filter>Source Files</Filter>
    </ClCompile>
    <ClCompile Include="source\kanas\core\physical_device.cpp">
      <Filter>Source Files</Filter>
    </ClCompile>
    <ClCompile Include="source\kanas\core\pipeline.cpp">
      <Filter>Source Files</Filter>
    </ClCompile>
    <ClCompile Include="source\kanas\core\pipeline_cache.cpp">
      <Filter>Source Files</Filter>
    </ClCompile>
    <ClCompile Include="source\kanas\core\pipeline_layout.cpp">
      <Filter>Source Files</Filter>
    </ClCompile>
    <ClCompile Include="source\kanas\core\query_pool.cpp">
      <Filter>Source Files</Filter>
    </ClCompile>
    <ClCompile Include="source\kanas\core\queue.cpp">
      <Filter>Source Files</Filter>
    </ClCompile>
    <ClCompile Include="source\kanas\core\ray_tracing_pipeline.cpp">
      <Filter>Source Files</Filter>
    </ClCompile>
    <ClCompile Include="source\kanas\core\render_pass.cpp">
      <Filter>Source Files</Filter>
    </ClCompile>
    <ClCompile Include="source\kanas\core\sampler.cpp">
      <Filter>Source Files</Filter>
    </ClCompile>
    <ClCompile Include="source\kanas\core\shader.cpp">
      <Filter>Source Files</Filter>
    </ClCompile>
    <ClCompile Include="source\kanas\core\shader_module.cpp">
      <Filter>Source Files</Filter>
    </ClCompile>
    <ClCompile Include="source\kanas\core\subpass.cpp">
      <Filter>Source Files</Filter>
    </ClCompile>
    <ClCompile Include="source\kanas\core\surface.cpp">
      <Filter>Source Files</Filter>
    </ClCompile>
    <ClCompile Include="source\kanas\core\swapchain.cpp">
      <Filter>Source Files</Filter>
    </ClCompile>
    <ClCompile Include="source\kanas\core\vulkan_instance.cpp">
      <Filter>Source Files</Filter>
    </ClCompile>
    <ClCompile Include="source\kanas\dispatcher.cpp">
      <Filter>Source Files</Filter>
    </ClCompile>
    <ClCompile Include="source\network\network_dispatcher.cpp">
      <Filter>Source Files</Filter>
    </ClCompile>
    <ClCompile Include="source\window\window.cpp">
      <Filter>Source Files</Filter>
    </ClCompile>
    <ClCompile Include="source\kanas\dispatcher_lua.cpp">
      <Filter>Source Files</Filter>
    </ClCompile>
    <ClCompile Include="source\ecs\entity.cpp">
      <Filter>Source Files</Filter>
    </ClCompile>
    <ClCompile Include="source\ecs\de_other_side.cpp">
      <Filter>Source Files</Filter>
    </ClCompile>
    <ClCompile Include="source\ecs\de_other_object.cpp">
      <Filter>Source Files</Filter>
    </ClCompile>
  </ItemGroup>
  <ItemGroup>
    <ClInclude Include="source\core\core_lib.h">
      <Filter>Header Files</Filter>
    </ClInclude>
    <ClInclude Include="source\engine\karamay_engine.h">
      <Filter>Header Files</Filter>
    </ClInclude>
    <ClInclude Include="source\environment\platforms\windows\winsocket.h">
      <Filter>Header Files</Filter>
    </ClInclude>
    <ClInclude Include="source\kanas\core\resource\acceleration_structure.h">
      <Filter>Header Files</Filter>
    </ClInclude>
    <ClInclude Include="source\kanas\core\resource\buffer.h">
      <Filter>Header Files</Filter>
    </ClInclude>
    <ClInclude Include="source\kanas\core\resource\buffer_view.h">
      <Filter>Header Files</Filter>
    </ClInclude>
    <ClInclude Include="source\kanas\core\resource\image.h">
      <Filter>Header Files</Filter>
    </ClInclude>
    <ClInclude Include="source\kanas\core\resource\image_view.h">
      <Filter>Header Files</Filter>
    </ClInclude>
    <ClInclude Include="source\kanas\core\synchronization\Event.h">
      <Filter>Header Files</Filter>
    </ClInclude>
    <ClInclude Include="source\kanas\core\synchronization\fence.h">
      <Filter>Header Files</Filter>
    </ClInclude>
    <ClInclude Include="source\kanas\core\synchronization\semaphore.h">
      <Filter>Header Files</Filter>
    </ClInclude>
    <ClInclude Include="source\kanas\core\command_buffer.h">
      <Filter>Header Files</Filter>
    </ClInclude>
    <ClInclude Include="source\kanas\core\command_pool.h">
      <Filter>Header Files</Filter>
    </ClInclude>
    <ClInclude Include="source\kanas\core\compute_pipeline.h">
      <Filter>Header Files</Filter>
    </ClInclude>
    <ClInclude Include="source\kanas\core\deferred_operation.h">
      <Filter>Header Files</Filter>
    </ClInclude>
    <ClInclude Include="source\kanas\core\descriptor_pool.h">
      <Filter>Header Files</Filter>
    </ClInclude>
    <ClInclude Include="source\kanas\core\descriptor_set.h">
      <Filter>Header Files</Filter>
    </ClInclude>
    <ClInclude Include="source\kanas\core\descriptor_set_layout.h">
      <Filter>Header Files</Filter>
    </ClInclude>
    <ClInclude Include="source\kanas\core\descriptor_update_template.h">
      <Filter>Header Files</Filter>
    </ClInclude>
    <ClInclude Include="source\kanas\core\device.h">
      <Filter>Header Files</Filter>
    </ClInclude>
    <ClInclude Include="source\kanas\core\device_memory.h">
      <Filter>Header Files</Filter>
    </ClInclude>
    <ClInclude Include="source\kanas\core\device_object.h">
      <Filter>Header Files</Filter>
    </ClInclude>
    <ClInclude Include="source\kanas\core\enumerators.h">
      <Filter>Header Files</Filter>
    </ClInclude>
    <ClInclude Include="source\kanas\core\flags.h">
      <Filter>Header Files</Filter>
    </ClInclude>
    <ClInclude Include="source\kanas\core\framebuffer.h">
      <Filter>Header Files</Filter>
    </ClInclude>
    <ClInclude Include="source\kanas\core\graphics_pipeline.h">
      <Filter>Header Files</Filter>
    </ClInclude>
    <ClInclude Include="source\kanas\core\KanasCoreMacros.h">
      <Filter>Header Files</Filter>
    </ClInclude>
    <ClInclude Include="source\kanas\core\KanasCoreMinimal.h">
      <Filter>Header Files</Filter>
    </ClInclude>
    <ClInclude Include="source\kanas\core\physical_device.h">
      <Filter>Header Files</Filter>
    </ClInclude>
    <ClInclude Include="source\kanas\core\pipeline.h">
      <Filter>Header Files</Filter>
    </ClInclude>
    <ClInclude Include="source\kanas\core\pipeline_cache.h">
      <Filter>Header Files</Filter>
    </ClInclude>
    <ClInclude Include="source\kanas\core\pipeline_layout.h">
      <Filter>Header Files</Filter>
    </ClInclude>
    <ClInclude Include="source\kanas\core\query_pool.h">
      <Filter>Header Files</Filter>
    </ClInclude>
    <ClInclude Include="source\kanas\core\queue.h">
      <Filter>Header Files</Filter>
    </ClInclude>
    <ClInclude Include="source\kanas\core\ray_tracing_pipeline.h">
      <Filter>Header Files</Filter>
    </ClInclude>
    <ClInclude Include="source\kanas\core\render_pass.h">
      <Filter>Header Files</Filter>
    </ClInclude>
    <ClInclude Include="source\kanas\core\sampler.h">
      <Filter>Header Files</Filter>
    </ClInclude>
    <ClInclude Include="source\kanas\core\shader.h">
      <Filter>Header Files</Filter>
    </ClInclude>
    <ClInclude Include="source\kanas\core\shader_module.h">
      <Filter>Header Files</Filter>
    </ClInclude>
    <ClInclude Include="source\kanas\core\subpass.h">
      <Filter>Header Files</Filter>
    </ClInclude>
    <ClInclude Include="source\kanas\core\subpass_list.h">
      <Filter>Header Files</Filter>
    </ClInclude>
    <ClInclude Include="source\kanas\core\surface.h">
      <Filter>Header Files</Filter>
    </ClInclude>
    <ClInclude Include="source\kanas\core\swapchain.h">
      <Filter>Header Files</Filter>
    </ClInclude>
    <ClInclude Include="source\kanas\core\types.h">
      <Filter>Header Files</Filter>
    </ClInclude>
    <ClInclude Include="source\kanas\core\vulkan_instance.h">
      <Filter>Header Files</Filter>
    </ClInclude>
    <ClInclude Include="source\kanas\core\vulkan_object.h">
      <Filter>Header Files</Filter>
    </ClInclude>
    <ClInclude Include="source\kanas\dispatcher.h">
      <Filter>Header Files</Filter>
    </ClInclude>
    <ClInclude Include="source\kanas\Kanas.h">
      <Filter>Header Files</Filter>
    </ClInclude>
    <ClInclude Include="source\kanas\kanas_macros.h">
      <Filter>Header Files</Filter>
    </ClInclude>
    <ClInclude Include="source\network\network_dispatcher.h">
      <Filter>Header Files</Filter>
    </ClInclude>
    <ClInclude Include="source\public\glew.h">
      <Filter>Header Files</Filter>
    </ClInclude>
    <ClInclude Include="source\public\glfw.h">
      <Filter>Header Files</Filter>
    </ClInclude>
    <ClInclude Include="source\public\glm.h">
      <Filter>Header Files</Filter>
    </ClInclude>
    <ClInclude Include="source\public\json.h">
      <Filter>Header Files</Filter>
    </ClInclude>
    <ClInclude Include="source\public\lua.h">
      <Filter>Header Files</Filter>
    </ClInclude>
    <ClInclude Include="source\public\pugixml.h">
      <Filter>Header Files</Filter>
    </ClInclude>
    <ClInclude Include="source\public\stb.h">
      <Filter>Header Files</Filter>
    </ClInclude>
    <ClInclude Include="source\public\stl.h">
      <Filter>Header Files</Filter>
    </ClInclude>
    <ClInclude Include="source\public\vui.h">
      <Filter>Header Files</Filter>
    </ClInclude>
    <ClInclude Include="source\public\vulkan_core.h">
      <Filter>Header Files</Filter>
    </ClInclude>
    <ClInclude Include="source\utils\fbx\fbx_loader.h">
      <Filter>Header Files</Filter>
    </ClInclude>
    <ClInclude Include="source\utils\gltf\components\gltf_accessor.h">
      <Filter>Header Files</Filter>
    </ClInclude>
    <ClInclude Include="source\utils\gltf\components\gltf_animation.h">
      <Filter>Header Files</Filter>
    </ClInclude>
    <ClInclude Include="source\utils\gltf\components\gltf_asset.h">
      <Filter>Header Files</Filter>
    </ClInclude>
    <ClInclude Include="source\utils\gltf\components\gltf_buffer.h">
      <Filter>Header Files</Filter>
    </ClInclude>
    <ClInclude Include="source\utils\gltf\components\gltf_buffer_view.h">
      <Filter>Header Files</Filter>
    </ClInclude>
    <ClInclude Include="source\utils\gltf\components\gltf_camera.h">
      <Filter>Header Files</Filter>
    </ClInclude>
    <ClInclude Include="source\utils\gltf\components\gltf_file.h">
      <Filter>Header Files</Filter>
    </ClInclude>
    <ClInclude Include="source\utils\gltf\components\gltf_image.h">
      <Filter>Header Files</Filter>
    </ClInclude>
    <ClInclude Include="source\utils\gltf\components\gltf_material.h">
      <Filter>Header Files</Filter>
    </ClInclude>
    <ClInclude Include="source\utils\gltf\components\gltf_mesh.h">
      <Filter>Header Files</Filter>
    </ClInclude>
    <ClInclude Include="source\utils\gltf\components\gltf_node.h">
      <Filter>Header Files</Filter>
    </ClInclude>
    <ClInclude Include="source\utils\gltf\components\gltf_sampler.h">
      <Filter>Header Files</Filter>
    </ClInclude>
    <ClInclude Include="source\utils\gltf\components\gltf_scene.h">
      <Filter>Header Files</Filter>
    </ClInclude>
    <ClInclude Include="source\utils\gltf\components\gltf_skin.h">
      <Filter>Header Files</Filter>
    </ClInclude>
    <ClInclude Include="source\utils\gltf\components\gltf_texture.h">
      <Filter>Header Files</Filter>
    </ClInclude>
    <ClInclude Include="source\utils\gltf\gltf_loader.h">
      <Filter>Header Files</Filter>
    </ClInclude>
    <ClInclude Include="source\window\window.h">
      <Filter>Header Files</Filter>
    </ClInclude>
    <ClInclude Include="source\ecs\entity.h">
      <Filter>Header Files</Filter>
    </ClInclude>
    <ClInclude Include="source\ecs\de_other_side.h">
      <Filter>Header Files</Filter>
    </ClInclude>
    <ClInclude Include="source\ecs\de_other_object.h">
      <Filter>Header Files</Filter>
    </ClInclude>
  </ItemGroup>
</Project>